
Microsoft Visual Studio Solution File, Format Version 12.00
# Visual Studio 2012
Project("{FAE04EC0-301F-11D3-BF4B-00C04F79EFBC}") = "Designer.OK", "App\ODataPad.UI.WP8\Designer.OK.csproj", "{18ECBE26-F001-4126-BB0E-E0F7A8CD87C7}"
EndProject
Project("{FAE04EC0-301F-11D3-BF4B-00C04F79EFBC}") = "Cirrious.MvvmCross", "MvvmCross\Cirrious\Cirrious.MvvmCross\Cirrious.MvvmCross.csproj", "{B6E27475-E7D0-448C-A5CC-5097DCA1E2DD}"
EndProject
Project("{FAE04EC0-301F-11D3-BF4B-00C04F79EFBC}") = "Cirrious.MvvmCross.WindowsPhone", "MvvmCross\Cirrious\Cirrious.MvvmCross.WindowsPhone\Cirrious.MvvmCross.WindowsPhone.csproj", "{A9F1C41F-FBC3-4DE3-8572-68990C1BCFC3}"
EndProject
Project("{FAE04EC0-301F-11D3-BF4B-00C04F79EFBC}") = "Cirrious.CrossCore", "MvvmCross\CrossCore\Cirrious.CrossCore\Cirrious.CrossCore.csproj", "{CFF6F25A-3C3B-44EE-A54C-2ED4AAFF3ADB}"
EndProject
Project("{FAE04EC0-301F-11D3-BF4B-00C04F79EFBC}") = "Cirrious.CrossCore.WindowsPhone", "MvvmCross\CrossCore\Cirrious.CrossCore.WindowsPhone\Cirrious.CrossCore.WindowsPhone.csproj", "{2CA6800E-2CB5-4F76-BBE3-C4F7D445AF17}"
EndProject
Project("{2150E333-8FDC-42A3-9474-1A3956D46DE8}") = "MvvmCross.3.0.6", "MvvmCross.3.0.6", "{613B7138-E7CC-44D2-9C43-DF11D4C29929}"
EndProject
Global
	GlobalSection(SolutionConfigurationPlatforms) = preSolution
		Debug|Any CPU = Debug|Any CPU
		Debug|ARM = Debug|ARM
		Debug|x86 = Debug|x86
		Release|Any CPU = Release|Any CPU
		Release|ARM = Release|ARM
		Release|x86 = Release|x86
	EndGlobalSection
	GlobalSection(ProjectConfigurationPlatforms) = postSolution
		{18ECBE26-F001-4126-BB0E-E0F7A8CD87C7}.Debug|Any CPU.ActiveCfg = Debug|Any CPU
		{18ECBE26-F001-4126-BB0E-E0F7A8CD87C7}.Debug|Any CPU.Build.0 = Debug|Any CPU
		{18ECBE26-F001-4126-BB0E-E0F7A8CD87C7}.Debug|Any CPU.Deploy.0 = Debug|Any CPU
		{18ECBE26-F001-4126-BB0E-E0F7A8CD87C7}.Debug|ARM.ActiveCfg = Debug|ARM
		{18ECBE26-F001-4126-BB0E-E0F7A8CD87C7}.Debug|ARM.Build.0 = Debug|ARM
		{18ECBE26-F001-4126-BB0E-E0F7A8CD87C7}.Debug|ARM.Deploy.0 = Debug|ARM
		{18ECBE26-F001-4126-BB0E-E0F7A8CD87C7}.Debug|x86.ActiveCfg = Debug|x86
		{18ECBE26-F001-4126-BB0E-E0F7A8CD87C7}.Debug|x86.Build.0 = Debug|x86
		{18ECBE26-F001-4126-BB0E-E0F7A8CD87C7}.Debug|x86.Deploy.0 = Debug|x86
		{18ECBE26-F001-4126-BB0E-E0F7A8CD87C7}.Release|Any CPU.ActiveCfg = Release|Any CPU
		{18ECBE26-F001-4126-BB0E-E0F7A8CD87C7}.Release|Any CPU.Build.0 = Release|Any CPU
		{18ECBE26-F001-4126-BB0E-E0F7A8CD87C7}.Release|Any CPU.Deploy.0 = Release|Any CPU
		{18ECBE26-F001-4126-BB0E-E0F7A8CD87C7}.Release|ARM.ActiveCfg = Release|ARM
		{18ECBE26-F001-4126-BB0E-E0F7A8CD87C7}.Release|ARM.Build.0 = Release|ARM
		{18ECBE26-F001-4126-BB0E-E0F7A8CD87C7}.Release|ARM.Deploy.0 = Release|ARM
		{18ECBE26-F001-4126-BB0E-E0F7A8CD87C7}.Release|x86.ActiveCfg = Release|x86
		{18ECBE26-F001-4126-BB0E-E0F7A8CD87C7}.Release|x86.Build.0 = Release|x86
		{18ECBE26-F001-4126-BB0E-E0F7A8CD87C7}.Release|x86.Deploy.0 = Release|x86
		{B6E27475-E7D0-448C-A5CC-5097DCA1E2DD}.Debug|Any CPU.ActiveCfg = Debug|Any CPU
		{B6E27475-E7D0-448C-A5CC-5097DCA1E2DD}.Debug|Any CPU.Build.0 = Debug|Any CPU
		{B6E27475-E7D0-448C-A5CC-5097DCA1E2DD}.Debug|ARM.ActiveCfg = Debug|Any CPU
		{B6E27475-E7D0-448C-A5CC-5097DCA1E2DD}.Debug|x86.ActiveCfg = Debug|Any CPU
		{B6E27475-E7D0-448C-A5CC-5097DCA1E2DD}.Release|Any CPU.ActiveCfg = Release|Any CPU
		{B6E27475-E7D0-448C-A5CC-5097DCA1E2DD}.Release|Any CPU.Build.0 = Release|Any CPU
		{B6E27475-E7D0-448C-A5CC-5097DCA1E2DD}.Release|ARM.ActiveCfg = Release|Any CPU
		{B6E27475-E7D0-448C-A5CC-5097DCA1E2DD}.Release|x86.ActiveCfg = Release|Any CPU
		{A9F1C41F-FBC3-4DE3-8572-68990C1BCFC3}.Debug|Any CPU.ActiveCfg = Debug|Any CPU
		{A9F1C41F-FBC3-4DE3-8572-68990C1BCFC3}.Debug|Any CPU.Build.0 = Debug|Any CPU
		{A9F1C41F-FBC3-4DE3-8572-68990C1BCFC3}.Debug|ARM.ActiveCfg = Debug|Any CPU
		{A9F1C41F-FBC3-4DE3-8572-68990C1BCFC3}.Debug|x86.ActiveCfg = Debug|Any CPU
		{A9F1C41F-FBC3-4DE3-8572-68990C1BCFC3}.Release|Any CPU.ActiveCfg = Release|Any CPU
		{A9F1C41F-FBC3-4DE3-8572-68990C1BCFC3}.Release|Any CPU.Build.0 = Release|Any CPU
		{A9F1C41F-FBC3-4DE3-8572-68990C1BCFC3}.Release|ARM.ActiveCfg = Release|Any CPU
		{A9F1C41F-FBC3-4DE3-8572-68990C1BCFC3}.Release|x86.ActiveCfg = Release|Any CPU
		{CFF6F25A-3C3B-44EE-A54C-2ED4AAFF3ADB}.Debug|Any CPU.ActiveCfg = Debug|Any CPU
		{CFF6F25A-3C3B-44EE-A54C-2ED4AAFF3ADB}.Debug|Any CPU.Build.0 = Debug|Any CPU
		{CFF6F25A-3C3B-44EE-A54C-2ED4AAFF3ADB}.Debug|ARM.ActiveCfg = Debug|Any CPU
		{CFF6F25A-3C3B-44EE-A54C-2ED4AAFF3ADB}.Debug|x86.ActiveCfg = Debug|Any CPU
		{CFF6F25A-3C3B-44EE-A54C-2ED4AAFF3ADB}.Release|Any CPU.ActiveCfg = Release|Any CPU
		{CFF6F25A-3C3B-44EE-A54C-2ED4AAFF3ADB}.Release|Any CPU.Build.0 = Release|Any CPU
		{CFF6F25A-3C3B-44EE-A54C-2ED4AAFF3ADB}.Release|ARM.ActiveCfg = Release|Any CPU
		{CFF6F25A-3C3B-44EE-A54C-2ED4AAFF3ADB}.Release|x86.ActiveCfg = Release|Any CPU
		{2CA6800E-2CB5-4F76-BBE3-C4F7D445AF17}.Debug|Any CPU.ActiveCfg = Debug|Any CPU
		{2CA6800E-2CB5-4F76-BBE3-C4F7D445AF17}.Debug|Any CPU.Build.0 = Debug|Any CPU
		{2CA6800E-2CB5-4F76-BBE3-C4F7D445AF17}.Debug|ARM.ActiveCfg = Debug|Any CPU
		{2CA6800E-2CB5-4F76-BBE3-C4F7D445AF17}.Debug|x86.ActiveCfg = Debug|Any CPU
		{2CA6800E-2CB5-4F76-BBE3-C4F7D445AF17}.Release|Any CPU.ActiveCfg = Release|Any CPU
		{2CA6800E-2CB5-4F76-BBE3-C4F7D445AF17}.Release|Any CPU.Build.0 = Release|Any CPU
		{2CA6800E-2CB5-4F76-BBE3-C4F7D445AF17}.Release|ARM.ActiveCfg = Release|Any CPU
		{2CA6800E-2CB5-4F76-BBE3-C4F7D445AF17}.Release|x86.ActiveCfg = Release|Any CPU
	EndGlobalSection
	GlobalSection(SolutionProperties) = preSolution
		HideSolutionNode = FALSE
	EndGlobalSection
	GlobalSection(NestedProjects) = preSolution
		{CFF6F25A-3C3B-44EE-A54C-2ED4AAFF3ADB} = {613B7138-E7CC-44D2-9C43-DF11D4C29929}
		{2CA6800E-2CB5-4F76-BBE3-C4F7D445AF17} = {613B7138-E7CC-44D2-9C43-DF11D4C29929}
		{B6E27475-E7D0-448C-A5CC-5097DCA1E2DD} = {613B7138-E7CC-44D2-9C43-DF11D4C29929}
		{A9F1C41F-FBC3-4DE3-8572-68990C1BCFC3} = {613B7138-E7CC-44D2-9C43-DF11D4C29929}
	EndGlobalSection
EndGlobal
